// !$*UTF8*$!
{
	archiveVersion = 1;
	classes = {
	};
	objectVersion = 46;
	objects = {

/* Begin PBXBuildFile section */
		D47790D11E678D7B0044757D /* main.m in Sources */ = {isa = PBXBuildFile; fileRef = D47790D01E678D7B0044757D /* main.m */; };
		D47790D41E678D7B0044757D /* AppDelegate.m in Sources */ = {isa = PBXBuildFile; fileRef = D47790D31E678D7B0044757D /* AppDelegate.m */; };
		D47790D71E678D7B0044757D /* FirstViewController.m in Sources */ = {isa = PBXBuildFile; fileRef = D47790D61E678D7B0044757D /* FirstViewController.m */; };
		D47790DA1E678D7B0044757D /* SecondViewController.m in Sources */ = {isa = PBXBuildFile; fileRef = D47790D91E678D7B0044757D /* SecondViewController.m */; };
		D47790DD1E678D7C0044757D /* Main.storyboard in Resources */ = {isa = PBXBuildFile; fileRef = D47790DB1E678D7C0044757D /* Main.storyboard */; };
		D47790DF1E678D7C0044757D /* Assets.xcassets in Resources */ = {isa = PBXBuildFile; fileRef = D47790DE1E678D7C0044757D /* Assets.xcassets */; };
		D47790E21E678D7C0044757D /* LaunchScreen.storyboard in Resources */ = {isa = PBXBuildFile; fileRef = D47790E01E678D7C0044757D /* LaunchScreen.storyboard */; };
/* End PBXBuildFile section */

/* Begin PBXFileReference section */
		D47790CC1E678D7B0044757D /* Airbnb.app */ = {isa = PBXFileReference; explicitFileType = wrapper.application; includeInIndex = 0; path = Airbnb.app; sourceTree = BUILT_PRODUCTS_DIR; };
		D47790D01E678D7B0044757D /* main.m */ = {isa = PBXFileReference; lastKnownFileType = sourcecode.c.objc; path = main.m; sourceTree = "<group>"; };
		D47790D21E678D7B0044757D /* AppDelegate.h */ = {isa = PBXFileReference; lastKnownFileType = sourcecode.c.h; path = AppDelegate.h; sourceTree = "<group>"; };
		D47790D31E678D7B0044757D /* AppDelegate.m */ = {isa = PBXFileReference; lastKnownFileType = sourcecode.c.objc; path = AppDelegate.m; sourceTree = "<group>"; };
		D47790D51E678D7B0044757D /* FirstViewController.h */ = {isa = PBXFileReference; lastKnownFileType = sourcecode.c.h; path = FirstViewController.h; sourceTree = "<group>"; };
		D47790D61E678D7B0044757D /* FirstViewController.m */ = {isa = PBXFileReference; lastKnownFileType = sourcecode.c.objc; path = FirstViewController.m; sourceTree = "<group>"; };
		D47790D81E678D7B0044757D /* SecondViewController.h */ = {isa = PBXFileReference; lastKnownFileType = sourcecode.c.h; path = SecondViewController.h; sourceTree = "<group>"; };
		D47790D91E678D7B0044757D /* SecondViewController.m */ = {isa = PBXFileReference; lastKnownFileType = sourcecode.c.objc; path = SecondViewController.m; sourceTree = "<group>"; };
		D47790DC1E678D7C0044757D /* Base */ = {isa = PBXFileReference; lastKnownFileType = file.storyboard; name = Base; path = Base.lproj/Main.storyboard; sourceTree = "<group>"; };
		D47790DE1E678D7C0044757D /* Assets.xcassets */ = {isa = PBXFileReference; lastKnownFileType = folder.assetcatalog; path = Assets.xcassets; sourceTree = "<group>"; };
		D47790E11E678D7C0044757D /* Base */ = {isa = PBXFileReference; lastKnownFileType = file.storyboard; name = Base; path = Base.lproj/LaunchScreen.storyboard; sourceTree = "<group>"; };
		D47790E31E678D7C0044757D /* Info.plist */ = {isa = PBXFileReference; lastKnownFileType = text.plist.xml; path = Info.plist; sourceTree = "<group>"; };
/* End PBXFileReference section */

/* Begin PBXFrameworksBuildPhase section */
		D47790C91E678D7B0044757D /* Frameworks */ = {
			isa = PBXFrameworksBuildPhase;
			buildActionMask = 2147483647;
			files = (
			);
			runOnlyForDeploymentPostprocessing = 0;
		};
/* End PBXFrameworksBuildPhase section */

/* Begin PBXGroup section */
		D47790C31E678D7B0044757D = {
			isa = PBXGroup;
			children = (
				D47790CE1E678D7B0044757D /* Airbnb */,
				D47790CD1E678D7B0044757D /* Products */,
			);
			sourceTree = "<group>";
		};
		D47790CD1E678D7B0044757D /* Products */ = {
			isa = PBXGroup;
			children = (
				D47790CC1E678D7B0044757D /* Airbnb.app */,
			);
			name = Products;
			sourceTree = "<group>";
		};
		D47790CE1E678D7B0044757D /* Airbnb */ = {
			isa = PBXGroup;
			children = (
				D47790D21E678D7B0044757D /* AppDelegate.h */,
				D47790D31E678D7B0044757D /* AppDelegate.m */,
				D47790D51E678D7B0044757D /* FirstViewController.h */,
				D47790D61E678D7B0044757D /* FirstViewController.m */,
				D47790D81E678D7B0044757D /* SecondViewController.h */,
				D47790D91E678D7B0044757D /* SecondViewController.m */,
				D47790DB1E678D7C0044757D /* Main.storyboard */,
				D47790DE1E678D7C0044757D /* Assets.xcassets */,
				D47790E01E678D7C0044757D /* LaunchScreen.storyboard */,
				D47790E31E678D7C0044757D /* Info.plist */,
				D47790CF1E678D7B0044757D /* Supporting Files */,
			);
			path = Airbnb;
			sourceTree = "<group>";
		};
		D47790CF1E678D7B0044757D /* Supporting Files */ = {
			isa = PBXGroup;
			children = (
				D47790D01E678D7B0044757D /* main.m */,
			);
			name = "Supporting Files";
			sourceTree = "<group>";
		};
/* End PBXGroup section */

/* Begin PBXNativeTarget section */
		D47790CB1E678D7B0044757D /* Airbnb */ = {
			isa = PBXNativeTarget;
			buildConfigurationList = D47790E61E678D7C0044757D /* Build configuration list for PBXNativeTarget "Airbnb" */;
			buildPhases = (
				D47790C81E678D7B0044757D /* Sources */,
				D47790C91E678D7B0044757D /* Frameworks */,
				D47790CA1E678D7B0044757D /* Resources */,
			);
			buildRules = (
			);
			dependencies = (
			);
			name = Airbnb;
			productName = Airbnb;
			productReference = D47790CC1E678D7B0044757D /* Airbnb.app */;
			productType = "com.apple.product-type.application";
		};
/* End PBXNativeTarget section */

/* Begin PBXProject section */
		D47790C41E678D7B0044757D /* Project object */ = {
			isa = PBXProject;
			attributes = {
				LastUpgradeCheck = 0820;
				ORGANIZATIONNAME = Roselyn;
				TargetAttributes = {
					D47790CB1E678D7B0044757D = {
						CreatedOnToolsVersion = 8.2.1;
						ProvisioningStyle = Automatic;
					};
				};
			};
			buildConfigurationList = D47790C71E678D7B0044757D /* Build configuration list for PBXProject "Airbnb" */;
			compatibilityVersion = "Xcode 3.2";
			developmentRegion = English;
			hasScannedForEncodings = 0;
			knownRegions = (
				en,
				Base,
			);
			mainGroup = D47790C31E678D7B0044757D;
			productRefGroup = D47790CD1E678D7B0044757D /* Products */;
			projectDirPath = "";
			projectRoot = "";
			targets = (
				D47790CB1E678D7B0044757D /* Airbnb */,
			);
		};
/* End PBXProject section */

/* Begin PBXResourcesBuildPhase section */
		D47790CA1E678D7B0044757D /* Resources */ = {
			isa = PBXResourcesBuildPhase;
			buildActionMask = 2147483647;
			files = (
				D47790E21E678D7C0044757D /* LaunchScreen.storyboard in Resources */,
				D47790DF1E678D7C0044757D /* Assets.xcassets in Resources */,
				D47790DD1E678D7C0044757D /* Main.storyboard in Resources */,
			);
			runOnlyForDeploymentPostprocessing = 0;
		};
/* End PBXResourcesBuildPhase section */

/* Begin PBXSourcesBuildPhase section */
		D47790C81E678D7B0044757D /* Sources */ = {
			isa = PBXSourcesBuildPhase;
			buildActionMask = 2147483647;
			files = (
				D47790DA1E678D7B0044757D /* SecondViewController.m in Sources */,
				D47790D41E678D7B0044757D /* AppDelegate.m in Sources */,
				D47790D71E678D7B0044757D /* FirstViewController.m in Sources */,
				D47790D11E678D7B0044757D /* main.m in Sources */,
			);
			runOnlyForDeploymentPostprocessing = 0;
		};
/* End PBXSourcesBuildPhase section */

/* Begin PBXVariantGroup section */
		D47790DB1E678D7C0044757D /* Main.storyboard */ = {
			isa = PBXVariantGroup;
			children = (
				D47790DC1E678D7C0044757D /* Base */,
			);
			name = Main.storyboard;
			sourceTree = "<group>";
		};
		D47790E01E678D7C0044757D /* LaunchScreen.storyboard */ = {
			isa = PBXVariantGroup;
			children = (
				D47790E11E678D7C0044757D /* Base */,
			);
			name = LaunchScreen.storyboard;
			sourceTree = "<group>";
		};
/* End PBXVariantGroup section */

/* Begin XCBuildConfiguration section */
		D47790E41E678D7C0044757D /* Debug */ = {
			isa = XCBuildConfiguration;
			buildSettings = {
				ALWAYS_SEARCH_USER_PATHS = NO;
				CLANG_ANALYZER_NONNULL = YES;
				CLANG_CXX_LANGUAGE_STANDARD = "gnu++0x";
				CLANG_CXX_LIBRARY = "libc++";
				CLANG_ENABLE_MODULES = YES;
				CLANG_ENABLE_OBJC_ARC = YES;
				CLANG_WARN_BOOL_CONVERSION = YES;
				CLANG_WARN_CONSTANT_CONVERSION = YES;
				CLANG_WARN_DIRECT_OBJC_ISA_USAGE = YES_ERROR;
				CLANG_WARN_DOCUMENTATION_COMMENTS = YES;
				CLANG_WARN_EMPTY_BODY = YES;
				CLANG_WARN_ENUM_CONVERSION = YES;
				CLANG_WARN_INFINITE_RECURSION = YES;
				CLANG_WARN_INT_CONVERSION = YES;
				CLANG_WARN_OBJC_ROOT_CLASS = YES_ERROR;
				CLANG_WARN_SUSPICIOUS_MOVE = YES;
				CLANG_WARN_UNREACHABLE_CODE = YES;
				CLANG_WARN__DUPLICATE_METHOD_MATCH = YES;
				"CODE_SIGN_IDENTITY[sdk=iphoneos*]" = "iPhone Developer";
				COPY_PHASE_STRIP = NO;
				DEBUG_INFORMATION_FORMAT = dwarf;
				ENABLE_STRICT_OBJC_MSGSEND = YES;
				ENABLE_TESTABILITY = YES;
				GCC_C_LANGUAGE_STANDARD = gnu99;
				GCC_DYNAMIC_NO_PIC = NO;
				GCC_NO_COMMON_BLOCKS = YES;
				GCC_OPTIMIZATION_LEVEL = 0;
				GCC_PREPROCESSOR_DEFINITIONS = (
					"DEBUG=1",
					"$(inherited)",
				);
				GCC_WARN_64_TO_32_BIT_CONVERSION = YES;
				GCC_WARN_ABOUT_RETURN_TYPE = YES_ERROR;
				GCC_WARN_UNDECLARED_SELECTOR = YES;
				GCC_WARN_UNINITIALIZED_AUTOS = YES_AGGRESSIVE;
				GCC_WARN_UNUSED_FUNCTION = YES;
				GCC_WARN_UNUSED_VARIABLE = YES;
				IPHONEOS_DEPLOYMENT_TARGET = 10.2;
				MTL_ENABLE_DEBUG_INFO = YES;
				ONLY_ACTIVE_ARCH = YES;
				SDKROOT = iphoneos;
				TARGETED_DEVICE_FAMILY = "1,2";
			};
			name = Debug;
		};
		D47790E51E678D7C0044757D /* Release */ = {
			isa = XCBuildConfiguration;
			buildSettings = {
				ALWAYS_SEARCH_USER_PATHS = NO;
				CLANG_ANALYZER_NONNULL = YES;
				CLANG_CXX_LANGUAGE_STANDARD = "gnu++0x";
				CLANG_CXX_LIBRARY = "libc++";
				CLANG_ENABLE_MODULES = YES;
				CLANG_ENABLE_OBJC_ARC = YES;
				CLANG_WARN_BOOL_CONVERSION = YES;
				CLANG_WARN_CONSTANT_CONVERSION = YES;
				CLANG_WARN_DIRECT_OBJC_ISA_USAGE = YES_ERROR;
				CLANG_WARN_DOCUMENTATION_COMMENTS = YES;
				CLANG_WARN_EMPTY_BODY = YES;
				CLANG_WARN_ENUM_CONVERSION = YES;
				CLANG_WARN_INFINITE_RECURSION = YES;
				CLANG_WARN_INT_CONVERSION = YES;
				CLANG_WARN_OBJC_ROOT_CLASS = YES_ERROR;
				CLANG_WARN_SUSPICIOUS_MOVE = YES;
				CLANG_WARN_UNREACHABLE_CODE = YES;
				CLANG_WARN__DUPLICATE_METHOD_MATCH = YES;
				"CODE_SIGN_IDENTITY[sdk=iphoneos*]" = "iPhone Developer";
				COPY_PHASE_STRIP = NO;
				DEBUG_INFORMATION_FORMAT = "dwarf-with-dsym";
				ENABLE_NS_ASSERTIONS = NO;
				ENABLE_STRICT_OBJC_MSGSEND = YES;
				GCC_C_LANGUAGE_STANDARD = gnu99;
				GCC_NO_COMMON_BLOCKS = YES;
				GCC_WARN_64_TO_32_BIT_CONVERSION = YES;
				GCC_WARN_ABOUT_RETURN_TYPE = YES_ERROR;
				GCC_WARN_UNDECLARED_SELECTOR = YES;
				GCC_WARN_UNINITIALIZED_AUTOS = YES_AGGRESSIVE;
				GCC_WARN_UNUSED_FUNCTION = YES;
				GCC_WARN_UNUSED_VARIABLE = YES;
				IPHONEOS_DEPLOYMENT_TARGET = 10.2;
				MTL_ENABLE_DEBUG_INFO = NO;
				SDKROOT = iphoneos;
				TARGETED_DEVICE_FAMILY = "1,2";
				VALIDATE_PRODUCT = YES;
			};
			name = Release;
		};
		D47790E71E678D7C0044757D /* Debug */ = {
			isa = XCBuildConfiguration;
			buildSettings = {
				ASSETCATALOG_COMPILER_APPICON_NAME = AppIcon;
				INFOPLIST_FILE = Airbnb/Info.plist;
				LD_RUNPATH_SEARCH_PATHS = "$(inherited) @executable_path/Frameworks";
				PRODUCT_BUNDLE_IDENTIFIER = com.roselynvl.Airbnb;
				PRODUCT_NAME = "$(TARGET_NAME)";
			};
			name = Debug;
		};
		D47790E81E678D7C0044757D /* Release */ = {
			isa = XCBuildConfiguration;
			buildSettings = {
				ASSETCATALOG_COMPILER_APPICON_NAME = AppIcon;
				INFOPLIST_FILE = Airbnb/Info.plist;
				LD_RUNPATH_SEARCH_PATHS = "$(inherited) @executable_path/Frameworks";
				PRODUCT_BUNDLE_IDENTIFIER = com.roselynvl.Airbnb;
				PRODUCT_NAME = "$(TARGET_NAME)";
			};
			name = Release;
		};
/* End XCBuildConfiguration section */

/* Begin XCConfigurationList section */
		D47790C71E678D7B0044757D /* Build configuration list for PBXProject "Airbnb" */ = {
			isa = XCConfigurationList;
			buildConfigurations = (
				D47790E41E678D7C0044757D /* Debug */,
				D47790E51E678D7C0044757D /* Release */,
			);
			defaultConfigurationIsVisible = 0;
			defaultConfigurationName = Release;
		};
		D47790E61E678D7C0044757D /* Build configuration list for PBXNativeTarget "Airbnb" */ = {
			isa = XCConfigurationList;
			buildConfigurations = (
				D47790E71E678D7C0044757D /* Debug */,
				D47790E81E678D7C0044757D /* Release */,
			);
			defaultConfigurationIsVisible = 0;
		};
/* End XCConfigurationList section */
	};
	rootObject = D47790C41E678D7B0044757D /* Project object */;
}
